
Microsoft Visual Studio Solution File, Format Version 12.00
# Visual Studio Version 17
VisualStudioVersion = 17.3.32811.315
MinimumVisualStudioVersion = 10.0.40219.1
Project("{FAE04EC0-301F-11D3-BF4B-00C04F79EFBC}") = "Dependency_Injection", "Dependency_Injection\Dependency_Injection.csproj", "{D9637CBB-993F-42AC-83F9-A023A06C270E}"
EndProject
Global
	GlobalSection(SolutionConfigurationPlatforms) = preSolution
		Debug|Any CPU = Debug|Any CPU
		Release|Any CPU = Release|Any CPU
	EndGlobalSection
	GlobalSection(ProjectConfigurationPlatforms) = postSolution
		{D9637CBB-993F-42AC-83F9-A023A06C270E}.Debug|Any CPU.ActiveCfg = Debug|Any CPU
		{D9637CBB-993F-42AC-83F9-A023A06C270E}.Debug|Any CPU.Build.0 = Debug|Any CPU
		{D9637CBB-993F-42AC-83F9-A023A06C270E}.Release|Any CPU.ActiveCfg = Release|Any CPU
		{D9637CBB-993F-42AC-83F9-A023A06C270E}.Release|Any CPU.Build.0 = Release|Any CPU
	EndGlobalSection
	GlobalSection(SolutionProperties) = preSolution
		HideSolutionNode = FALSE
	EndGlobalSection
	GlobalSection(ExtensibilityGlobals) = postSolution
		SolutionGuid = {BBAD9935-36F2-4D36-8270-2348E82986C9}
	EndGlobalSection
EndGlobal
